PODS:
  - Flutter (1.0.0)
  - move_to_background (0.0.1):
    - Flutter

DEPENDENCIES:
  - Flutter (from `Flutter`)
  - move_to_background (from `.symlinks/plugins/move_to_background/ios`)

EXTERNAL SOURCES:
  Flutter:
    :path: Flutter
  move_to_background:
    :path: ".symlinks/plugins/move_to_background/ios"

SPEC CHECKSUMS:
  Flutter: e0871f40cf51350855a761d2e70bf5af5b9b5de7
  move_to_background: 39a5b79b26d577b0372cbe8a8c55e7aa9fcd3a2d

PODFILE CHECKSUM: 4305caec6b40dde0ae97be1573c53de1882a07e5

COCOAPODS: 1.13.0
